
Microsoft Visual Studio Solution File, Format Version 12.00
# Visual Studio Version 17
VisualStudioVersion = 17.4.33213.308
MinimumVisualStudioVersion = 10.0.40219.1
Project("{9A19103F-16F7-4668-BE54-9A1E7A4F7556}") = "RepoService", "RepoService\RepoService.csproj", "{47FE4C73-47F0-4049-AB4F-89DF99FE22A1}"
EndProject
Project("{9A19103F-16F7-4668-BE54-9A1E7A4F7556}") = "RepoService.Models", "RepoService.Models\RepoService.Models.csproj", "{C230072D-E400-4802-AA99-57E97B829378}"
EndProject
Project("{9A19103F-16F7-4668-BE54-9A1E7A4F7556}") = "RepoService.DataManagement", "RepoService.DataManagement\RepoService.DataManagement.csproj", "{9D6984BB-F77E-4CD4-8EBC-65B4F3022D20}"
EndProject
Global
	GlobalSection(SolutionConfigurationPlatforms) = preSolution
		Debug|Any CPU = Debug|Any CPU
		Release|Any CPU = Release|Any CPU
	EndGlobalSection
	GlobalSection(ProjectConfigurationPlatforms) = postSolution
		{47FE4C73-47F0-4049-AB4F-89DF99FE22A1}.Debug|Any CPU.ActiveCfg = Debug|Any CPU
		{47FE4C73-47F0-4049-AB4F-89DF99FE22A1}.Debug|Any CPU.Build.0 = Debug|Any CPU
		{47FE4C73-47F0-4049-AB4F-89DF99FE22A1}.Release|Any CPU.ActiveCfg = Release|Any CPU
		{47FE4C73-47F0-4049-AB4F-89DF99FE22A1}.Release|Any CPU.Build.0 = Release|Any CPU
		{C230072D-E400-4802-AA99-57E97B829378}.Debug|Any CPU.ActiveCfg = Debug|Any CPU
		{C230072D-E400-4802-AA99-57E97B829378}.Debug|Any CPU.Build.0 = Debug|Any CPU
		{C230072D-E400-4802-AA99-57E97B829378}.Release|Any CPU.ActiveCfg = Release|Any CPU
		{C230072D-E400-4802-AA99-57E97B829378}.Release|Any CPU.Build.0 = Release|Any CPU
		{9D6984BB-F77E-4CD4-8EBC-65B4F3022D20}.Debug|Any CPU.ActiveCfg = Debug|Any CPU
		{9D6984BB-F77E-4CD4-8EBC-65B4F3022D20}.Debug|Any CPU.Build.0 = Debug|Any CPU
		{9D6984BB-F77E-4CD4-8EBC-65B4F3022D20}.Release|Any CPU.ActiveCfg = Release|Any CPU
		{9D6984BB-F77E-4CD4-8EBC-65B4F3022D20}.Release|Any CPU.Build.0 = Release|Any CPU
	EndGlobalSection
	GlobalSection(SolutionProperties) = preSolution
		HideSolutionNode = FALSE
	EndGlobalSection
	GlobalSection(ExtensibilityGlobals) = postSolution
		SolutionGuid = {111228CD-F343-4FF3-97C1-0BF5526E8A3B}
	EndGlobalSection
EndGlobal
